<?xml version="1.0" encoding="UTF-8"?>
<Scheme
   LastUpgradeVersion = "1500"
   version = "1.3">
   <BuildAction
      parallelizeBuildables = "YES"
      buildImplicitDependencies = "YES">
      <BuildActionEntries>
         <BuildActionEntry
            buildForTesting = "YES"
            buildForRunning = "YES"
            buildForProfiling = "YES"
            buildForArchiving = "YES"
            buildForAnalyzing = "YES">
            <BuildableReference
               BuildableIdentifier = "primary"
               BlueprintIdentifier = "D4B449A698759CF463A0E0A4"
               BuildableName = "&#x1100;&#x1166;&#x1109;&#x1175;&#x1111;&#x1161;&#x11ab; &#x110c;&#x1165;&#x11b8;&#x1100;&#x1173;&#x11ab;&#x1109;&#x1165;&#x11bc; &#x1110;&#x1166;&#x1109;&#x1173;&#x1110;&#x1173;.app"
               BlueprintName = "BoardApp"
               ReferencedContainer = "container:BoardApp.xcodeproj">
            </BuildableReference>
         </BuildActionEntry>
         <BuildActionEntry
            buildForTesting = "YES"
            buildForRunning = "NO"
            buildForProfiling = "NO"
            buildForArchiving = "NO"
            buildForAnalyzing = "NO">
            <BuildableReference
               BuildableIdentifier = "primary"
               BlueprintIdentifier = "CDEC55D1179CBCF5F660BC4B"
               BuildableName = "BoardAppTests.xctest"
               BlueprintName = "BoardAppTests"
               ReferencedContainer = "container:BoardApp.xcodeproj">
            </BuildableReference>
         </BuildActionEntry>
         <BuildActionEntry
            buildForTesting = "YES"
            buildForRunning = "NO"
            buildForProfiling = "NO"
            buildForArchiving = "NO"
            buildForAnalyzing = "NO">
            <BuildableReference
               BuildableIdentifier = "primary"
               BlueprintIdentifier = "296B982371C0F621A34C01CA"
               BuildableName = "BoardAppUITests.xctest"
               BlueprintName = "BoardAppUITests"
               ReferencedContainer = "container:BoardApp.xcodeproj">
            </BuildableReference>
         </BuildActionEntry>
      </BuildActionEntries>
   </BuildAction>
   <TestAction
      buildConfiguration = "Debug"
      selectedDebuggerIdentifier = "Xcode.DebuggerFoundation.Debugger.LLDB"
      selectedLauncherIdentifier = "Xcode.DebuggerFoundation.Launcher.LLDB"
      shouldUseLaunchSchemeArgsEnv = "YES">
      <MacroExpansion>
         <BuildableReference
            BuildableIdentifier = "primary"
            BlueprintIdentifier = "D4B449A698759CF463A0E0A4"
            BuildableName = "&#x1100;&#x1166;&#x1109;&#x1175;&#x1111;&#x1161;&#x11ab; &#x110c;&#x1165;&#x11b8;&#x1100;&#x1173;&#x11ab;&#x1109;&#x1165;&#x11bc; &#x1110;&#x1166;&#x1109;&#x1173;&#x1110;&#x1173;.app"
            BlueprintName = "BoardApp"
            ReferencedContainer = "container:BoardApp.xcodeproj">
         </BuildableReference>
      </MacroExpansion>
      <Testables>
         <TestableReference
            skipped = "NO"
            parallelizable = "NO">
            <BuildableReference
               BuildableIdentifier = "primary"
               BlueprintIdentifier = "CDEC55D1179CBCF5F660BC4B"
               BuildableName = "BoardAppTests.xctest"
               BlueprintName = "BoardAppTests"
               ReferencedContainer = "container:BoardApp.xcodeproj">
            </BuildableReference>
         </TestableReference>
         <TestableReference
            skipped = "NO">
            <BuildableReference
               BuildableIdentifier = "primary"
               BlueprintIdentifier = "296B982371C0F621A34C01CA"
               BuildableName = "BoardAppUITests.xctest"
               BlueprintName = "BoardAppUITests"
               ReferencedContainer = "container:BoardApp.xcodeproj">
            </BuildableReference>
         </TestableReference>
      </Testables>
   </TestAction>
   <LaunchAction
      buildConfiguration = "Debug"
      selectedDebuggerIdentifier = "Xcode.DebuggerFoundation.Debugger.LLDB"
      selectedLauncherIdentifier = "Xcode.DebuggerFoundation.Launcher.LLDB"
      launchStyle = "0"
      useCustomWorkingDirectory = "NO"
      ignoresPersistentStateOnLaunch = "NO"
      debugDocumentVersioning = "YES"
      debugServiceExtension = "internal"
      allowLocationSimulation = "YES">
      <BuildableProductRunnable
         runnableDebuggingMode = "0">
         <BuildableReference
            BuildableIdentifier = "primary"
            BlueprintIdentifier = "D4B449A698759CF463A0E0A4"
            BuildableName = "&#x1100;&#x1166;&#x1109;&#x1175;&#x1111;&#x1161;&#x11ab; &#x110c;&#x1165;&#x11b8;&#x1100;&#x1173;&#x11ab;&#x1109;&#x1165;&#x11bc; &#x1110;&#x1166;&#x1109;&#x1173;&#x1110;&#x1173;.app"
            BlueprintName = "BoardApp"
            ReferencedContainer = "container:BoardApp.xcodeproj">
         </BuildableReference>
      </BuildableProductRunnable>
   </LaunchAction>
   <ProfileAction
      buildConfiguration = "Release"
      shouldUseLaunchSchemeArgsEnv = "YES"
      savedToolIdentifier = ""
      useCustomWorkingDirectory = "NO"
      debugDocumentVersioning = "YES">
      <BuildableProductRunnable
         runnableDebuggingMode = "0">
         <BuildableReference
            BuildableIdentifier = "primary"
            BlueprintIdentifier = "D4B449A698759CF463A0E0A4"
            BuildableName = "&#x1100;&#x1166;&#x1109;&#x1175;&#x1111;&#x1161;&#x11ab; &#x110c;&#x1165;&#x11b8;&#x1100;&#x1173;&#x11ab;&#x1109;&#x1165;&#x11bc; &#x1110;&#x1166;&#x1109;&#x1173;&#x1110;&#x1173;.app"
            BlueprintName = "BoardApp"
            ReferencedContainer = "container:BoardApp.xcodeproj">
         </BuildableReference>
      </BuildableProductRunnable>
   </ProfileAction>
   <AnalyzeAction
      buildConfiguration = "Debug">
   </AnalyzeAction>
   <ArchiveAction
      buildConfiguration = "Release"
      revealArchiveInOrganizer = "YES">
   </ArchiveAction>
</Scheme>
